PODS:
  - Alamofire (4.4.0)
  - BlockstackCoreApi-iOS (0.1.22)
  - CDZQRScanningViewController (1.0.7)
  - QwikHttp (1.7.11.3):
    - QwikJson
  - QwikJson (1.0.19)
  - SeaseAssist (0.0.55)
  - SwiftyDropbox (4.1.2):
    - Alamofire (~> 4.4.0)

DEPENDENCIES:
  - Alamofire (from `https://github.com/Alamofire/Alamofire.git`, branch `swift4`)
  - BlockstackCoreApi-iOS
  - CDZQRScanningViewController
  - QwikHttp
  - SeaseAssist
  - SwiftyDropbox (from `https://github.com/dropbox/SwiftyDropbox.git`)

EXTERNAL SOURCES:
  Alamofire:
    :branch: swift4
    :git: https://github.com/Alamofire/Alamofire.git
  SwiftyDropbox:
    :git: https://github.com/dropbox/SwiftyDropbox.git

CHECKOUT OPTIONS:
  Alamofire:
    :commit: 9d6d16316edfb8ece47abebe1621d05ee6b0e6ed
    :git: https://github.com/Alamofire/Alamofire.git
  SwiftyDropbox:
    :commit: f0cdded352417682c13655fdba631ccbf51ce3e6
    :git: https://github.com/dropbox/SwiftyDropbox.git

SPEC CHECKSUMS:
  Alamofire: 4c2bf7fa03c4a626163606de0a417568c270575e
  BlockstackCoreApi-iOS: 37f8a71d1a70299aa8c733efa667e32c69c60af4
  CDZQRScanningViewController: bec2f94f0378876e44a64db156d92f11d2825d95
  QwikHttp: 5596cc1a1e7e5f54ac44c6bdb8876ba7fc8b20ea
  QwikJson: 4da1128475b28e3c57a3e35baf9c3435f9d2b059
  SeaseAssist: 7871e3971bce74e53f12fc59b76e0ce44be73f0b
  SwiftyDropbox: 11faf37e3429e46f01a6c17683a38bb15b066a2f

PODFILE CHECKSUM: 4ad42c0a100091378426b4888a281356eb30853e

COCOAPODS: 1.3.0.beta.2
