// !$*UTF8*$!
{
	archiveVersion = 1;
	classes = {
	};
	objectVersion = 46;
	objects = {

/* Begin PBXBuildFile section */
		000F5ABC1F2FBACD00D6807A /* ExternalAuthorizationService.swift in Sources */ = {isa = PBXBuildFile; fileRef = 000F5ABB1F2FBACD00D6807A /* ExternalAuthorizationService.swift */; };
		000F5ABE1F30F21400D6807A /* UserDataService.swift in Sources */ = {isa = PBXBuildFile; fileRef = 000F5ABD1F30F21400D6807A /* UserDataService.swift */; };
		000F5AC11F3263AB00D6807A /* ProfileEditController.swift in Sources */ = {isa = PBXBuildFile; fileRef = 000F5AC01F3263AB00D6807A /* ProfileEditController.swift */; };
		004A455E1F26376300244E43 /* String+Subscript.swift in Sources */ = {isa = PBXBuildFile; fileRef = 004A455D1F26376300244E43 /* String+Subscript.swift */; };
		004A45641F26461A00244E43 /* github.png in Resources */ = {isa = PBXBuildFile; fileRef = 004A45611F26461A00244E43 /* github.png */; };
		004A45651F26461A00244E43 /* twitter.png in Resources */ = {isa = PBXBuildFile; fileRef = 004A45621F26461A00244E43 /* twitter.png */; };
		004A45661F26461A00244E43 /* fb.png in Resources */ = {isa = PBXBuildFile; fileRef = 004A45631F26461A00244E43 /* fb.png */; };
		004A45681F2646CD00244E43 /* RoundedView.swift in Sources */ = {isa = PBXBuildFile; fileRef = 004A45671F2646CD00244E43 /* RoundedView.swift */; };
		004A456B1F266C3300244E43 /* StorageProvider.swift in Sources */ = {isa = PBXBuildFile; fileRef = 004A456A1F266C3300244E43 /* StorageProvider.swift */; };
		004A456E1F26AE4C00244E43 /* DropboxService.swift in Sources */ = {isa = PBXBuildFile; fileRef = 004A456D1F26A83000244E43 /* DropboxService.swift */; };
		004D475D1F21431800263866 /* BitcoinPriceService.swift in Sources */ = {isa = PBXBuildFile; fileRef = 004D475C1F21431800263866 /* BitcoinPriceService.swift */; };
		0053ED011F014F6D00E039E1 /* AppDelegate.swift in Sources */ = {isa = PBXBuildFile; fileRef = 0053ED001F014F6D00E039E1 /* AppDelegate.swift */; };
		0053ED061F014F6D00E039E1 /* Main.storyboard in Resources */ = {isa = PBXBuildFile; fileRef = 0053ED041F014F6D00E039E1 /* Main.storyboard */; };
		0053ED081F014F6D00E039E1 /* Assets.xcassets in Resources */ = {isa = PBXBuildFile; fileRef = 0053ED071F014F6D00E039E1 /* Assets.xcassets */; };
		0053ED0B1F014F6D00E039E1 /* LaunchScreen.storyboard in Resources */ = {isa = PBXBuildFile; fileRef = 0053ED091F014F6D00E039E1 /* LaunchScreen.storyboard */; };
		0053ED131F014FA100E039E1 /* DashboardController.swift in Sources */ = {isa = PBXBuildFile; fileRef = 0053ED121F014FA100E039E1 /* DashboardController.swift */; };
		0053ED151F014FD900E039E1 /* ImageCollectionViewCell.swift in Sources */ = {isa = PBXBuildFile; fileRef = 0053ED141F014FD900E039E1 /* ImageCollectionViewCell.swift */; };
		005C5D281F01890200EC6808 /* ProfilesController.swift in Sources */ = {isa = PBXBuildFile; fileRef = 005C5D271F01890200EC6808 /* ProfilesController.swift */; };
		005C5D2A1F01892C00EC6808 /* ProfileSearchController.swift in Sources */ = {isa = PBXBuildFile; fileRef = 005C5D291F01892C00EC6808 /* ProfileSearchController.swift */; };
		006D02EF1F057D030098F069 /* ProfileViewController.swift in Sources */ = {isa = PBXBuildFile; fileRef = 006D02EE1F057D030098F069 /* ProfileViewController.swift */; };
		006D02F11F069B450098F069 /* TODO in Resources */ = {isa = PBXBuildFile; fileRef = 006D02F01F069B450098F069 /* TODO */; };
		008A133F1F03FB3600C46D5F /* StorageController.swift in Sources */ = {isa = PBXBuildFile; fileRef = 008A133E1F03FB3600C46D5F /* StorageController.swift */; };
		008A13411F03FB4900C46D5F /* WalletController.swift in Sources */ = {isa = PBXBuildFile; fileRef = 008A13401F03FB4900C46D5F /* WalletController.swift */; };
		008A13431F03FB5600C46D5F /* AccountController.swift in Sources */ = {isa = PBXBuildFile; fileRef = 008A13421F03FB5600C46D5F /* AccountController.swift */; };
		008A13461F03FEA800C46D5F /* bs-background-blur.png in Resources */ = {isa = PBXBuildFile; fileRef = 008A13441F03FEA800C46D5F /* bs-background-blur.png */; };
		008A13471F03FEA800C46D5F /* bs-background.png in Resources */ = {isa = PBXBuildFile; fileRef = 008A13451F03FEA800C46D5F /* bs-background.png */; };
		0097B5721F2237FA005A2E24 /* GoogleDriveService.swift in Sources */ = {isa = PBXBuildFile; fileRef = 0097B5711F2237FA005A2E24 /* GoogleDriveService.swift */; };
		0097B5741F225395005A2E24 /* Constants.swift in Sources */ = {isa = PBXBuildFile; fileRef = 0097B5731F225395005A2E24 /* Constants.swift */; };
		00B4189C1F27A93900F0032A /* AmazonCloudDriveService.swift in Sources */ = {isa = PBXBuildFile; fileRef = 00756F731F26B8B10052EE4D /* AmazonCloudDriveService.swift */; };
		00B4189D1F27A97C00F0032A /* LoginWithAmazon.framework in Frameworks */ = {isa = PBXBuildFile; fileRef = 00756F721F26B8650052EE4D /* LoginWithAmazon.framework */; };
		00EC5FB51F06A1B7002D1950 /* String+QRCode.swift in Sources */ = {isa = PBXBuildFile; fileRef = 00EC5FB41F06A1B7002D1950 /* String+QRCode.swift */; };
		AEEEAA625D77C88C068897C4 /* Pods_BlockStackBrowser.framework in Frameworks */ = {isa = PBXBuildFile; fileRef = 1217A6583C6326E661BEE6F1 /* Pods_BlockStackBrowser.framework */; };
/* End PBXBuildFile section */

/* Begin PBXFileReference section */
		000F5ABA1F2FB9F100D6807A /* avatar.png */ = {isa = PBXFileReference; lastKnownFileType = image.png; path = avatar.png; sourceTree = "<group>"; };
		000F5ABB1F2FBACD00D6807A /* ExternalAuthorizationService.swift */ = {isa = PBXFileReference; lastKnownFileType = sourcecode.swift; path = ExternalAuthorizationService.swift; sourceTree = "<group>"; };
		000F5ABD1F30F21400D6807A /* UserDataService.swift */ = {isa = PBXFileReference; lastKnownFileType = sourcecode.swift; path = UserDataService.swift; sourceTree = "<group>"; };
		000F5AC01F3263AB00D6807A /* ProfileEditController.swift */ = {isa = PBXFileReference; lastKnownFileType = sourcecode.swift; path = ProfileEditController.swift; sourceTree = "<group>"; };
		004A455D1F26376300244E43 /* String+Subscript.swift */ = {isa = PBXFileReference; lastKnownFileType = sourcecode.swift; path = "String+Subscript.swift"; sourceTree = "<group>"; };
		004A45611F26461A00244E43 /* github.png */ = {isa = PBXFileReference; lastKnownFileType = image.png; path = github.png; sourceTree = "<group>"; };
		004A45621F26461A00244E43 /* twitter.png */ = {isa = PBXFileReference; lastKnownFileType = image.png; path = twitter.png; sourceTree = "<group>"; };
		004A45631F26461A00244E43 /* fb.png */ = {isa = PBXFileReference; lastKnownFileType = image.png; path = fb.png; sourceTree = "<group>"; };
		004A45671F2646CD00244E43 /* RoundedView.swift */ = {isa = PBXFileReference; lastKnownFileType = sourcecode.swift; path = RoundedView.swift; sourceTree = "<group>"; };
		004A456A1F266C3300244E43 /* StorageProvider.swift */ = {isa = PBXFileReference; lastKnownFileType = sourcecode.swift; path = StorageProvider.swift; sourceTree = "<group>"; };
		004A456C1F26A6D700244E43 /* GoogleService-Info.plist */ = {isa = PBXFileReference; lastKnownFileType = text.plist.xml; path = "GoogleService-Info.plist"; sourceTree = "<group>"; };
		004A456D1F26A83000244E43 /* DropboxService.swift */ = {isa = PBXFileReference; lastKnownFileType = sourcecode.swift; path = DropboxService.swift; sourceTree = "<group>"; };
		004D475C1F21431800263866 /* BitcoinPriceService.swift */ = {isa = PBXFileReference; lastKnownFileType = sourcecode.swift; path = BitcoinPriceService.swift; sourceTree = "<group>"; };
		0053ECFD1F014F6D00E039E1 /* Blockstack.app */ = {isa = PBXFileReference; explicitFileType = wrapper.application; includeInIndex = 0; path = Blockstack.app; sourceTree = BUILT_PRODUCTS_DIR; };
		0053ED001F014F6D00E039E1 /* AppDelegate.swift */ = {isa = PBXFileReference; lastKnownFileType = sourcecode.swift; path = AppDelegate.swift; sourceTree = "<group>"; };
		0053ED051F014F6D00E039E1 /* Base */ = {isa = PBXFileReference; lastKnownFileType = file.storyboard; name = Base; path = Base.lproj/Main.storyboard; sourceTree = "<group>"; };
		0053ED071F014F6D00E039E1 /* Assets.xcassets */ = {isa = PBXFileReference; lastKnownFileType = folder.assetcatalog; path = Assets.xcassets; sourceTree = "<group>"; };
		0053ED0A1F014F6D00E039E1 /* Base */ = {isa = PBXFileReference; lastKnownFileType = file.storyboard; name = Base; path = Base.lproj/LaunchScreen.storyboard; sourceTree = "<group>"; };
		0053ED0C1F014F6D00E039E1 /* Info.plist */ = {isa = PBXFileReference; lastKnownFileType = text.plist.xml; path = Info.plist; sourceTree = "<group>"; };
		0053ED121F014FA100E039E1 /* DashboardController.swift */ = {isa = PBXFileReference; fileEncoding = 4; lastKnownFileType = sourcecode.swift; path = DashboardController.swift; sourceTree = "<group>"; };
		0053ED141F014FD900E039E1 /* ImageCollectionViewCell.swift */ = {isa = PBXFileReference; fileEncoding = 4; lastKnownFileType = sourcecode.swift; path = ImageCollectionViewCell.swift; sourceTree = "<group>"; };
		005C5D271F01890200EC6808 /* ProfilesController.swift */ = {isa = PBXFileReference; lastKnownFileType = sourcecode.swift; path = ProfilesController.swift; sourceTree = "<group>"; };
		005C5D291F01892C00EC6808 /* ProfileSearchController.swift */ = {isa = PBXFileReference; lastKnownFileType = sourcecode.swift; path = ProfileSearchController.swift; sourceTree = "<group>"; };
		006D02EE1F057D030098F069 /* ProfileViewController.swift */ = {isa = PBXFileReference; lastKnownFileType = sourcecode.swift; path = ProfileViewController.swift; sourceTree = "<group>"; };
		006D02F01F069B450098F069 /* TODO */ = {isa = PBXFileReference; lastKnownFileType = text; path = TODO; sourceTree = "<group>"; };
		00756F711F26B8340052EE4D /* ACDSKit.framework */ = {isa = PBXFileReference; lastKnownFileType = wrapper.framework; path = ACDSKit.framework; sourceTree = "<group>"; };
		00756F721F26B8650052EE4D /* LoginWithAmazon.framework */ = {isa = PBXFileReference; lastKnownFileType = wrapper.framework; path = LoginWithAmazon.framework; sourceTree = "<group>"; };
		00756F731F26B8B10052EE4D /* AmazonCloudDriveService.swift */ = {isa = PBXFileReference; lastKnownFileType = sourcecode.swift; path = AmazonCloudDriveService.swift; sourceTree = "<group>"; };
		00756F741F26B8B10052EE4D /* MicrosoftOneDriveService.swift */ = {isa = PBXFileReference; lastKnownFileType = sourcecode.swift; path = MicrosoftOneDriveService.swift; sourceTree = "<group>"; };
		008A133E1F03FB3600C46D5F /* StorageController.swift */ = {isa = PBXFileReference; lastKnownFileType = sourcecode.swift; path = StorageController.swift; sourceTree = "<group>"; };
		008A13401F03FB4900C46D5F /* WalletController.swift */ = {isa = PBXFileReference; lastKnownFileType = sourcecode.swift; path = WalletController.swift; sourceTree = "<group>"; };
		008A13421F03FB5600C46D5F /* AccountController.swift */ = {isa = PBXFileReference; lastKnownFileType = sourcecode.swift; path = AccountController.swift; sourceTree = "<group>"; };
		008A13441F03FEA800C46D5F /* bs-background-blur.png */ = {isa = PBXFileReference; lastKnownFileType = image.png; path = "bs-background-blur.png"; sourceTree = "<group>"; };
		008A13451F03FEA800C46D5F /* bs-background.png */ = {isa = PBXFileReference; lastKnownFileType = image.png; path = "bs-background.png"; sourceTree = "<group>"; };
		0097B5711F2237FA005A2E24 /* GoogleDriveService.swift */ = {isa = PBXFileReference; lastKnownFileType = sourcecode.swift; path = GoogleDriveService.swift; sourceTree = "<group>"; };
		0097B5731F225395005A2E24 /* Constants.swift */ = {isa = PBXFileReference; lastKnownFileType = sourcecode.swift; path = Constants.swift; sourceTree = "<group>"; };
		009DC0D61F03F99D001A4D8F /* Podfile */ = {isa = PBXFileReference; lastKnownFileType = text; path = Podfile; sourceTree = SOURCE_ROOT; xcLanguageSpecificationIdentifier = xcode.lang.ruby; };
		00B4189E1F27ABE700F0032A /* BridgingHeader.h */ = {isa = PBXFileReference; lastKnownFileType = sourcecode.c.h; path = BridgingHeader.h; sourceTree = "<group>"; };
		00D02E561F040A9300DC7599 /* README.md */ = {isa = PBXFileReference; lastKnownFileType = net.daringfireball.markdown; path = README.md; sourceTree = SOURCE_ROOT; };
		00EC5FB41F06A1B7002D1950 /* String+QRCode.swift */ = {isa = PBXFileReference; lastKnownFileType = sourcecode.swift; path = "String+QRCode.swift"; sourceTree = "<group>"; };
		1217A6583C6326E661BEE6F1 /* Pods_BlockStackBrowser.framework */ = {isa = PBXFileReference; explicitFileType = wrapper.framework; includeInIndex = 0; path = Pods_BlockStackBrowser.framework; sourceTree = BUILT_PRODUCTS_DIR; };
		29C7F31D8D8587F1085E619C /* Pods-BlockStackBrowser.debug.xcconfig */ = {isa = PBXFileReference; includeInIndex = 1; lastKnownFileType = text.xcconfig; name = "Pods-BlockStackBrowser.debug.xcconfig"; path = "Pods/Target Support Files/Pods-BlockStackBrowser/Pods-BlockStackBrowser.debug.xcconfig"; sourceTree = "<group>"; };
		7A682251494778717BD68561 /* Pods-BlockStackBrowser.release.xcconfig */ = {isa = PBXFileReference; includeInIndex = 1; lastKnownFileType = text.xcconfig; name = "Pods-BlockStackBrowser.release.xcconfig"; path = "Pods/Target Support Files/Pods-BlockStackBrowser/Pods-BlockStackBrowser.release.xcconfig"; sourceTree = "<group>"; };
/* End PBXFileReference section */

/* Begin PBXFrameworksBuildPhase section */
		0053ECFA1F014F6D00E039E1 /* Frameworks */ = {
			isa = PBXFrameworksBuildPhase;
			buildActionMask = 2147483647;
			files = (
				00B4189D1F27A97C00F0032A /* LoginWithAmazon.framework in Frameworks */,
				AEEEAA625D77C88C068897C4 /* Pods_BlockStackBrowser.framework in Frameworks */,
			);
			runOnlyForDeploymentPostprocessing = 0;
		};
/* End PBXFrameworksBuildPhase section */

/* Begin PBXGroup section */
		000F5ABF1F32638D00D6807A /* Profiles */ = {
			isa = PBXGroup;
			children = (
				005C5D271F01890200EC6808 /* ProfilesController.swift */,
				006D02EE1F057D030098F069 /* ProfileViewController.swift */,
				005C5D291F01892C00EC6808 /* ProfileSearchController.swift */,
				000F5AC01F3263AB00D6807A /* ProfileEditController.swift */,
			);
			path = Profiles;
			sourceTree = "<group>";
		};
		004A45691F266B2300244E43 /* Storage */ = {
			isa = PBXGroup;
			children = (
				00756F731F26B8B10052EE4D /* AmazonCloudDriveService.swift */,
				00756F741F26B8B10052EE4D /* MicrosoftOneDriveService.swift */,
				004A456D1F26A83000244E43 /* DropboxService.swift */,
				0097B5711F2237FA005A2E24 /* GoogleDriveService.swift */,
				004A456A1F266C3300244E43 /* StorageProvider.swift */,
			);
			path = Storage;
			sourceTree = "<group>";
		};
		004D475B1F21430000263866 /* Service */ = {
			isa = PBXGroup;
			children = (
				004A45691F266B2300244E43 /* Storage */,
				004D475C1F21431800263866 /* BitcoinPriceService.swift */,
				000F5ABB1F2FBACD00D6807A /* ExternalAuthorizationService.swift */,
				000F5ABD1F30F21400D6807A /* UserDataService.swift */,
			);
			path = Service;
			sourceTree = "<group>";
		};
		0053ECF41F014F6D00E039E1 = {
			isa = PBXGroup;
			children = (
				0053ECFF1F014F6D00E039E1 /* BlockStackBrowser */,
				0053ECFE1F014F6D00E039E1 /* Products */,
				5531B6054DA68060EB2BFC7B /* Pods */,
				6A48487DB4278D2FDA69D1C6 /* Frameworks */,
			);
			sourceTree = "<group>";
		};
		0053ECFE1F014F6D00E039E1 /* Products */ = {
			isa = PBXGroup;
			children = (
				0053ECFD1F014F6D00E039E1 /* Blockstack.app */,
			);
			name = Products;
			sourceTree = "<group>";
		};
		0053ECFF1F014F6D00E039E1 /* BlockStackBrowser */ = {
			isa = PBXGroup;
			children = (
				004D475B1F21430000263866 /* Service */,
				00EC5FB31F06A198002D1950 /* Helpers */,
				005C5D261F0188D900EC6808 /* Cells */,
				005C5D251F0188CB00EC6808 /* ViewControllers */,
				0053ED001F014F6D00E039E1 /* AppDelegate.swift */,
				0053ED041F014F6D00E039E1 /* Main.storyboard */,
				0053ED091F014F6D00E039E1 /* LaunchScreen.storyboard */,
				008A13481F03FEB200C46D5F /* Resources */,
				0053ED0C1F014F6D00E039E1 /* Info.plist */,
				009DC0D61F03F99D001A4D8F /* Podfile */,
				00D02E561F040A9300DC7599 /* README.md */,
				006D02F01F069B450098F069 /* TODO */,
				0097B5731F225395005A2E24 /* Constants.swift */,
				004A456C1F26A6D700244E43 /* GoogleService-Info.plist */,
				00B4189E1F27ABE700F0032A /* BridgingHeader.h */,
			);
			path = BlockStackBrowser;
			sourceTree = "<group>";
		};
		005C5D251F0188CB00EC6808 /* ViewControllers */ = {
			isa = PBXGroup;
			children = (
				000F5ABF1F32638D00D6807A /* Profiles */,
				0053ED121F014FA100E039E1 /* DashboardController.swift */,
				008A13401F03FB4900C46D5F /* WalletController.swift */,
				008A133E1F03FB3600C46D5F /* StorageController.swift */,
				008A13421F03FB5600C46D5F /* AccountController.swift */,
			);
			path = ViewControllers;
			sourceTree = "<group>";
		};
		005C5D261F0188D900EC6808 /* Cells */ = {
			isa = PBXGroup;
			children = (
				0053ED141F014FD900E039E1 /* ImageCollectionViewCell.swift */,
			);
			path = Cells;
			sourceTree = "<group>";
		};
		008A13481F03FEB200C46D5F /* Resources */ = {
			isa = PBXGroup;
			children = (
				008A13491F03FEBB00C46D5F /* Images */,
			);
			path = Resources;
			sourceTree = "<group>";
		};
		008A13491F03FEBB00C46D5F /* Images */ = {
			isa = PBXGroup;
			children = (
				000F5ABA1F2FB9F100D6807A /* avatar.png */,
				004A45611F26461A00244E43 /* github.png */,
				004A45621F26461A00244E43 /* twitter.png */,
				004A45631F26461A00244E43 /* fb.png */,
				0053ED071F014F6D00E039E1 /* Assets.xcassets */,
				008A13451F03FEA800C46D5F /* bs-background.png */,
				008A13441F03FEA800C46D5F /* bs-background-blur.png */,
			);
			path = Images;
			sourceTree = "<group>";
		};
		00EC5FB31F06A198002D1950 /* Helpers */ = {
			isa = PBXGroup;
			children = (
				00EC5FB41F06A1B7002D1950 /* String+QRCode.swift */,
				004A455D1F26376300244E43 /* String+Subscript.swift */,
				004A45671F2646CD00244E43 /* RoundedView.swift */,
			);
			path = Helpers;
			sourceTree = "<group>";
		};
		5531B6054DA68060EB2BFC7B /* Pods */ = {
			isa = PBXGroup;
			children = (
				29C7F31D8D8587F1085E619C /* Pods-BlockStackBrowser.debug.xcconfig */,
				7A682251494778717BD68561 /* Pods-BlockStackBrowser.release.xcconfig */,
			);
			name = Pods;
			sourceTree = "<group>";
		};
		6A48487DB4278D2FDA69D1C6 /* Frameworks */ = {
			isa = PBXGroup;
			children = (
				00756F721F26B8650052EE4D /* LoginWithAmazon.framework */,
				00756F711F26B8340052EE4D /* ACDSKit.framework */,
				1217A6583C6326E661BEE6F1 /* Pods_BlockStackBrowser.framework */,
			);
			name = Frameworks;
			sourceTree = "<group>";
		};
/* End PBXGroup section */

/* Begin PBXNativeTarget section */
		0053ECFC1F014F6D00E039E1 /* BlockStackBrowser */ = {
			isa = PBXNativeTarget;
			buildConfigurationList = 0053ED0F1F014F6D00E039E1 /* Build configuration list for PBXNativeTarget "BlockStackBrowser" */;
			buildPhases = (
				CBAE5CA1298FC7CD855D5ADB /* [CP] Check Pods Manifest.lock */,
				0053ECF91F014F6D00E039E1 /* Sources */,
				0053ECFA1F014F6D00E039E1 /* Frameworks */,
				0053ECFB1F014F6D00E039E1 /* Resources */,
				3B2E3CC4F24B13201E70D28C /* [CP] Embed Pods Frameworks */,
				40CEE295E9923321002CF966 /* [CP] Copy Pods Resources */,
			);
			buildRules = (
			);
			dependencies = (
			);
			name = BlockStackBrowser;
			productName = BlockStackBrowser;
			productReference = 0053ECFD1F014F6D00E039E1 /* Blockstack.app */;
			productType = "com.apple.product-type.application";
		};
/* End PBXNativeTarget section */

/* Begin PBXProject section */
		0053ECF51F014F6D00E039E1 /* Project object */ = {
			isa = PBXProject;
			attributes = {
				LastSwiftUpdateCheck = 0830;
				LastUpgradeCheck = 0900;
				ORGANIZATIONNAME = blockstack;
				TargetAttributes = {
					0053ECFC1F014F6D00E039E1 = {
						CreatedOnToolsVersion = 8.3.3;
						DevelopmentTeam = E22X358GZ2;
						ProvisioningStyle = Manual;
					};
				};
			};
			buildConfigurationList = 0053ECF81F014F6D00E039E1 /* Build configuration list for PBXProject "BlockStackBrowser" */;
			compatibilityVersion = "Xcode 3.2";
			developmentRegion = English;
			hasScannedForEncodings = 0;
			knownRegions = (
				en,
				Base,
			);
			mainGroup = 0053ECF41F014F6D00E039E1;
			productRefGroup = 0053ECFE1F014F6D00E039E1 /* Products */;
			projectDirPath = "";
			projectRoot = "";
			targets = (
				0053ECFC1F014F6D00E039E1 /* BlockStackBrowser */,
			);
		};
/* End PBXProject section */

/* Begin PBXResourcesBuildPhase section */
		0053ECFB1F014F6D00E039E1 /* Resources */ = {
			isa = PBXResourcesBuildPhase;
			buildActionMask = 2147483647;
			files = (
				004A45641F26461A00244E43 /* github.png in Resources */,
				006D02F11F069B450098F069 /* TODO in Resources */,
				0053ED0B1F014F6D00E039E1 /* LaunchScreen.storyboard in Resources */,
				008A13471F03FEA800C46D5F /* bs-background.png in Resources */,
				004A45661F26461A00244E43 /* fb.png in Resources */,
				008A13461F03FEA800C46D5F /* bs-background-blur.png in Resources */,
				004A45651F26461A00244E43 /* twitter.png in Resources */,
				0053ED081F014F6D00E039E1 /* Assets.xcassets in Resources */,
				0053ED061F014F6D00E039E1 /* Main.storyboard in Resources */,
			);
			runOnlyForDeploymentPostprocessing = 0;
		};
/* End PBXResourcesBuildPhase section */

/* Begin PBXShellScriptBuildPhase section */
		3B2E3CC4F24B13201E70D28C /* [CP] Embed Pods Frameworks */ = {
			isa = PBXShellScriptBuildPhase;
			buildActionMask = 2147483647;
			files = (
			);
			inputPaths = (
				"${SRCROOT}/Pods/Target Support Files/Pods-BlockStackBrowser/Pods-BlockStackBrowser-frameworks.sh",
				"${BUILT_PRODUCTS_DIR}/Alamofire/Alamofire.framework",
				"${BUILT_PRODUCTS_DIR}/BlockstackCoreApi-iOS/BlockstackCoreApi_iOS.framework",
				"${BUILT_PRODUCTS_DIR}/CDZQRScanningViewController/CDZQRScanningViewController.framework",
				"${BUILT_PRODUCTS_DIR}/GTMOAuth2/GTMOAuth2.framework",
				"${BUILT_PRODUCTS_DIR}/GTMSessionFetcher/GTMSessionFetcher.framework",
				"${BUILT_PRODUCTS_DIR}/GoogleAPIClientForREST/GoogleAPIClientForREST.framework",
				"${BUILT_PRODUCTS_DIR}/GoogleToolboxForMac/GoogleToolboxForMac.framework",
				"${BUILT_PRODUCTS_DIR}/QwikHttp/QwikHttp.framework",
				"${BUILT_PRODUCTS_DIR}/QwikJson/QwikJson.framework",
				"${BUILT_PRODUCTS_DIR}/SeaseAssist/SeaseAssist.framework",
				"${BUILT_PRODUCTS_DIR}/SwiftyDropbox/SwiftyDropbox.framework",
			);
			name = "[CP] Embed Pods Frameworks";
			outputPaths = (
				"${TARGET_BUILD_DIR}/${FRAMEWORKS_FOLDER_PATH}/Alamofire.framework",
				"${TARGET_BUILD_DIR}/${FRAMEWORKS_FOLDER_PATH}/BlockstackCoreApi_iOS.framework",
				"${TARGET_BUILD_DIR}/${FRAMEWORKS_FOLDER_PATH}/CDZQRScanningViewController.framework",
				"${TARGET_BUILD_DIR}/${FRAMEWORKS_FOLDER_PATH}/GTMOAuth2.framework",
				"${TARGET_BUILD_DIR}/${FRAMEWORKS_FOLDER_PATH}/GTMSessionFetcher.framework",
				"${TARGET_BUILD_DIR}/${FRAMEWORKS_FOLDER_PATH}/GoogleAPIClientForREST.framework",
				"${TARGET_BUILD_DIR}/${FRAMEWORKS_FOLDER_PATH}/GoogleToolboxForMac.framework",
				"${TARGET_BUILD_DIR}/${FRAMEWORKS_FOLDER_PATH}/QwikHttp.framework",
				"${TARGET_BUILD_DIR}/${FRAMEWORKS_FOLDER_PATH}/QwikJson.framework",
				"${TARGET_BUILD_DIR}/${FRAMEWORKS_FOLDER_PATH}/SeaseAssist.framework",
				"${TARGET_BUILD_DIR}/${FRAMEWORKS_FOLDER_PATH}/SwiftyDropbox.framework",
			);
			runOnlyForDeploymentPostprocessing = 0;
			shellPath = /bin/sh;
			shellScript = "\"${SRCROOT}/Pods/Target Support Files/Pods-BlockStackBrowser/Pods-BlockStackBrowser-frameworks.sh\"\n";
			showEnvVarsInLog = 0;
		};
		40CEE295E9923321002CF966 /* [CP] Copy Pods Resources */ = {
			isa = PBXShellScriptBuildPhase;
			buildActionMask = 2147483647;
			files = (
			);
			inputPaths = (
				"${SRCROOT}/Pods/Target Support Files/Pods-BlockStackBrowser/Pods-BlockStackBrowser-resources.sh",
				"${PODS_ROOT}/GoogleSignIn/Resources/GoogleSignIn.bundle",
			);
			name = "[CP] Copy Pods Resources";
			outputPaths = (
				"${TARGET_BUILD_DIR}/${UNLOCALIZED_RESOURCES_FOLDER_PATH}",
			);
			runOnlyForDeploymentPostprocessing = 0;
			shellPath = /bin/sh;
			shellScript = "\"${SRCROOT}/Pods/Target Support Files/Pods-BlockStackBrowser/Pods-BlockStackBrowser-resources.sh\"\n";
			showEnvVarsInLog = 0;
		};
		CBAE5CA1298FC7CD855D5ADB /* [CP] Check Pods Manifest.lock */ = {
			isa = PBXShellScriptBuildPhase;
			buildActionMask = 2147483647;
			files = (
			);
			inputPaths = (
				"${PODS_PODFILE_DIR_PATH}/Podfile.lock",
				"${PODS_ROOT}/Manifest.lock",
			);
			name = "[CP] Check Pods Manifest.lock";
			outputPaths = (
				"$(DERIVED_FILE_DIR)/Pods-BlockStackBrowser-checkManifestLockResult.txt",
			);
			runOnlyForDeploymentPostprocessing = 0;
			shellPath = /bin/sh;
			shellScript = "diff \"${PODS_PODFILE_DIR_PATH}/Podfile.lock\" \"${PODS_ROOT}/Manifest.lock\" > /dev/null\nif [ $? != 0 ] ; then\n    # print error to STDERR\n    echo \"error: The sandbox is not in sync with the Podfile.lock. Run 'pod install' or update your CocoaPods installation.\" >&2\n    exit 1\nfi\n# This output is used by Xcode 'outputs' to avoid re-running this script phase.\necho \"SUCCESS\" > \"${SCRIPT_OUTPUT_FILE_0}\"\n";
			showEnvVarsInLog = 0;
		};
/* End PBXShellScriptBuildPhase section */

/* Begin PBXSourcesBuildPhase section */
		0053ECF91F014F6D00E039E1 /* Sources */ = {
			isa = PBXSourcesBuildPhase;
			buildActionMask = 2147483647;
			files = (
				004A456B1F266C3300244E43 /* StorageProvider.swift in Sources */,
				0053ED131F014FA100E039E1 /* DashboardController.swift in Sources */,
				004D475D1F21431800263866 /* BitcoinPriceService.swift in Sources */,
				0053ED151F014FD900E039E1 /* ImageCollectionViewCell.swift in Sources */,
				005C5D2A1F01892C00EC6808 /* ProfileSearchController.swift in Sources */,
				008A13431F03FB5600C46D5F /* AccountController.swift in Sources */,
				000F5ABE1F30F21400D6807A /* UserDataService.swift in Sources */,
				00B4189C1F27A93900F0032A /* AmazonCloudDriveService.swift in Sources */,
				0053ED011F014F6D00E039E1 /* AppDelegate.swift in Sources */,
				000F5ABC1F2FBACD00D6807A /* ExternalAuthorizationService.swift in Sources */,
				0097B5721F2237FA005A2E24 /* GoogleDriveService.swift in Sources */,
				0097B5741F225395005A2E24 /* Constants.swift in Sources */,
				004A45681F2646CD00244E43 /* RoundedView.swift in Sources */,
				000F5AC11F3263AB00D6807A /* ProfileEditController.swift in Sources */,
				008A13411F03FB4900C46D5F /* WalletController.swift in Sources */,
				00EC5FB51F06A1B7002D1950 /* String+QRCode.swift in Sources */,
				006D02EF1F057D030098F069 /* ProfileViewController.swift in Sources */,
				005C5D281F01890200EC6808 /* ProfilesController.swift in Sources */,
				004A455E1F26376300244E43 /* String+Subscript.swift in Sources */,
				004A456E1F26AE4C00244E43 /* DropboxService.swift in Sources */,
				008A133F1F03FB3600C46D5F /* StorageController.swift in Sources */,
			);
			runOnlyForDeploymentPostprocessing = 0;
		};
/* End PBXSourcesBuildPhase section */

/* Begin PBXVariantGroup section */
		0053ED041F014F6D00E039E1 /* Main.storyboard */ = {
			isa = PBXVariantGroup;
			children = (
				0053ED051F014F6D00E039E1 /* Base */,
			);
			name = Main.storyboard;
			sourceTree = "<group>";
		};
		0053ED091F014F6D00E039E1 /* LaunchScreen.storyboard */ = {
			isa = PBXVariantGroup;
			children = (
				0053ED0A1F014F6D00E039E1 /* Base */,
			);
			name = LaunchScreen.storyboard;
			sourceTree = "<group>";
		};
/* End PBXVariantGroup section */

/* Begin XCBuildConfiguration section */
		0053ED0D1F014F6D00E039E1 /* Debug */ = {
			isa = XCBuildConfiguration;
			buildSettings = {
				ALWAYS_SEARCH_USER_PATHS = NO;
				CLANG_ANALYZER_NONNULL = YES;
				CLANG_ANALYZER_NUMBER_OBJECT_CONVERSION = YES_AGGRESSIVE;
				CLANG_CXX_LANGUAGE_STANDARD = "gnu++0x";
				CLANG_CXX_LIBRARY = "libc++";
				CLANG_ENABLE_MODULES = YES;
				CLANG_ENABLE_OBJC_ARC = YES;
				CLANG_WARN_BLOCK_CAPTURE_AUTORELEASING = YES;
				CLANG_WARN_BOOL_CONVERSION = YES;
				CLANG_WARN_COMMA = YES;
				CLANG_WARN_CONSTANT_CONVERSION = YES;
				CLANG_WARN_DIRECT_OBJC_ISA_USAGE = YES_ERROR;
				CLANG_WARN_DOCUMENTATION_COMMENTS = YES;
				CLANG_WARN_EMPTY_BODY = YES;
				CLANG_WARN_ENUM_CONVERSION = YES;
				CLANG_WARN_INFINITE_RECURSION = YES;
				CLANG_WARN_INT_CONVERSION = YES;
				CLANG_WARN_NON_LITERAL_NULL_CONVERSION = YES;
				CLANG_WARN_OBJC_LITERAL_CONVERSION = YES;
				CLANG_WARN_OBJC_ROOT_CLASS = YES_ERROR;
				CLANG_WARN_RANGE_LOOP_ANALYSIS = YES;
				CLANG_WARN_STRICT_PROTOTYPES = YES;
				CLANG_WARN_SUSPICIOUS_MOVE = YES;
				CLANG_WARN_UNREACHABLE_CODE = YES;
				CLANG_WARN__DUPLICATE_METHOD_MATCH = YES;
				"CODE_SIGN_IDENTITY[sdk=iphoneos*]" = "iPhone Developer";
				COPY_PHASE_STRIP = NO;
				DEBUG_INFORMATION_FORMAT = dwarf;
				ENABLE_STRICT_OBJC_MSGSEND = YES;
				ENABLE_TESTABILITY = YES;
				GCC_C_LANGUAGE_STANDARD = gnu99;
				GCC_DYNAMIC_NO_PIC = NO;
				GCC_NO_COMMON_BLOCKS = YES;
				GCC_OPTIMIZATION_LEVEL = 0;
				GCC_PREPROCESSOR_DEFINITIONS = (
					"DEBUG=1",
					"$(inherited)",
				);
				GCC_WARN_64_TO_32_BIT_CONVERSION = YES;
				GCC_WARN_ABOUT_RETURN_TYPE = YES_ERROR;
				GCC_WARN_UNDECLARED_SELECTOR = YES;
				GCC_WARN_UNINITIALIZED_AUTOS = YES_AGGRESSIVE;
				GCC_WARN_UNUSED_FUNCTION = YES;
				GCC_WARN_UNUSED_VARIABLE = YES;
				IPHONEOS_DEPLOYMENT_TARGET = 10.3;
				MTL_ENABLE_DEBUG_INFO = YES;
				ONLY_ACTIVE_ARCH = YES;
				SDKROOT = iphoneos;
				SWIFT_ACTIVE_COMPILATION_CONDITIONS = DEBUG;
				SWIFT_OPTIMIZATION_LEVEL = "-Onone";
				SWIFT_VERSION = 4.0;
				TARGETED_DEVICE_FAMILY = "1,2";
			};
			name = Debug;
		};
		0053ED0E1F014F6D00E039E1 /* Release */ = {
			isa = XCBuildConfiguration;
			buildSettings = {
				ALWAYS_SEARCH_USER_PATHS = NO;
				CLANG_ANALYZER_NONNULL = YES;
				CLANG_ANALYZER_NUMBER_OBJECT_CONVERSION = YES_AGGRESSIVE;
				CLANG_CXX_LANGUAGE_STANDARD = "gnu++0x";
				CLANG_CXX_LIBRARY = "libc++";
				CLANG_ENABLE_MODULES = YES;
				CLANG_ENABLE_OBJC_ARC = YES;
				CLANG_WARN_BLOCK_CAPTURE_AUTORELEASING = YES;
				CLANG_WARN_BOOL_CONVERSION = YES;
				CLANG_WARN_COMMA = YES;
				CLANG_WARN_CONSTANT_CONVERSION = YES;
				CLANG_WARN_DIRECT_OBJC_ISA_USAGE = YES_ERROR;
				CLANG_WARN_DOCUMENTATION_COMMENTS = YES;
				CLANG_WARN_EMPTY_BODY = YES;
				CLANG_WARN_ENUM_CONVERSION = YES;
				CLANG_WARN_INFINITE_RECURSION = YES;
				CLANG_WARN_INT_CONVERSION = YES;
				CLANG_WARN_NON_LITERAL_NULL_CONVERSION = YES;
				CLANG_WARN_OBJC_LITERAL_CONVERSION = YES;
				CLANG_WARN_OBJC_ROOT_CLASS = YES_ERROR;
				CLANG_WARN_RANGE_LOOP_ANALYSIS = YES;
				CLANG_WARN_STRICT_PROTOTYPES = YES;
				CLANG_WARN_SUSPICIOUS_MOVE = YES;
				CLANG_WARN_UNREACHABLE_CODE = YES;
				CLANG_WARN__DUPLICATE_METHOD_MATCH = YES;
				"CODE_SIGN_IDENTITY[sdk=iphoneos*]" = "iPhone Developer";
				COPY_PHASE_STRIP = NO;
				DEBUG_INFORMATION_FORMAT = "dwarf-with-dsym";
				ENABLE_NS_ASSERTIONS = NO;
				ENABLE_STRICT_OBJC_MSGSEND = YES;
				GCC_C_LANGUAGE_STANDARD = gnu99;
				GCC_NO_COMMON_BLOCKS = YES;
				GCC_WARN_64_TO_32_BIT_CONVERSION = YES;
				GCC_WARN_ABOUT_RETURN_TYPE = YES_ERROR;
				GCC_WARN_UNDECLARED_SELECTOR = YES;
				GCC_WARN_UNINITIALIZED_AUTOS = YES_AGGRESSIVE;
				GCC_WARN_UNUSED_FUNCTION = YES;
				GCC_WARN_UNUSED_VARIABLE = YES;
				IPHONEOS_DEPLOYMENT_TARGET = 10.3;
				MTL_ENABLE_DEBUG_INFO = NO;
				SDKROOT = iphoneos;
				SWIFT_OPTIMIZATION_LEVEL = "-Owholemodule";
				SWIFT_VERSION = 4.0;
				TARGETED_DEVICE_FAMILY = "1,2";
				VALIDATE_PRODUCT = YES;
			};
			name = Release;
		};
		0053ED101F014F6D00E039E1 /* Debug */ = {
			isa = XCBuildConfiguration;
			baseConfigurationReference = 29C7F31D8D8587F1085E619C /* Pods-BlockStackBrowser.debug.xcconfig */;
			buildSettings = {
				ASSETCATALOG_COMPILER_APPICON_NAME = AppIcon;
				"CODE_SIGN_IDENTITY[sdk=iphoneos*]" = "iPhone Developer";
				DEFINES_MODULE = YES;
				DEVELOPMENT_TEAM = E22X358GZ2;
				FRAMEWORK_SEARCH_PATHS = (
					"$(inherited)",
					"$(PROJECT_DIR)",
				);
				INFOPLIST_FILE = BlockStackBrowser/Info.plist;
				IPHONEOS_DEPLOYMENT_TARGET = 10.0;
				LD_RUNPATH_SEARCH_PATHS = "$(inherited) @executable_path/Frameworks";
				PRODUCT_BUNDLE_IDENTIFIER = com.bedkin.BlockstackBrowser;
				PRODUCT_NAME = Blockstack;
				PROVISIONING_PROFILE = "45cdbb66-626c-431b-9a01-b4154d9d2d6b";
				PROVISIONING_PROFILE_SPECIFIER = "bedkin wildcard dev";
				SWIFT_OBJC_BRIDGING_HEADER = BlockstackBrowser/BridgingHeader.h;
				SWIFT_VERSION = 4.0;
			};
			name = Debug;
		};
		0053ED111F014F6D00E039E1 /* Release */ = {
			isa = XCBuildConfiguration;
			baseConfigurationReference = 7A682251494778717BD68561 /* Pods-BlockStackBrowser.release.xcconfig */;
			buildSettings = {
				ASSETCATALOG_COMPILER_APPICON_NAME = AppIcon;
				"CODE_SIGN_IDENTITY[sdk=iphoneos*]" = "iPhone Distribution: Bedkin, Inc (E22X358GZ2)";
				DEFINES_MODULE = YES;
				DEVELOPMENT_TEAM = E22X358GZ2;
				FRAMEWORK_SEARCH_PATHS = (
					"$(inherited)",
					"$(PROJECT_DIR)",
				);
				INFOPLIST_FILE = BlockStackBrowser/Info.plist;
				IPHONEOS_DEPLOYMENT_TARGET = 10.0;
				LD_RUNPATH_SEARCH_PATHS = "$(inherited) @executable_path/Frameworks";
				PRODUCT_BUNDLE_IDENTIFIER = com.bedkin.BlockstackBrowser;
				PRODUCT_NAME = Blockstack;
				PROVISIONING_PROFILE = "8957bcee-1d6a-45f9-a3cf-847e3d5bd63e";
				PROVISIONING_PROFILE_SPECIFIER = "bedkin wildcard adhoc";
				SWIFT_OBJC_BRIDGING_HEADER = BlockstackBrowser/BridgingHeader.h;
				SWIFT_VERSION = 4.0;
			};
			name = Release;
		};
/* End XCBuildConfiguration section */

/* Begin XCConfigurationList section */
		0053ECF81F014F6D00E039E1 /* Build configuration list for PBXProject "BlockStackBrowser" */ = {
			isa = XCConfigurationList;
			buildConfigurations = (
				0053ED0D1F014F6D00E039E1 /* Debug */,
				0053ED0E1F014F6D00E039E1 /* Release */,
			);
			defaultConfigurationIsVisible = 0;
			defaultConfigurationName = Release;
		};
		0053ED0F1F014F6D00E039E1 /* Build configuration list for PBXNativeTarget "BlockStackBrowser" */ = {
			isa = XCConfigurationList;
			buildConfigurations = (
				0053ED101F014F6D00E039E1 /* Debug */,
				0053ED111F014F6D00E039E1 /* Release */,
			);
			defaultConfigurationIsVisible = 0;
			defaultConfigurationName = Release;
		};
/* End XCConfigurationList section */
	};
	rootObject = 0053ECF51F014F6D00E039E1 /* Project object */;
}
